
Microsoft Visual Studio Solution File, Format Version 12.00
# Visual Studio Version 16
VisualStudioVersion = 16.0.31702.278
MinimumVisualStudioVersion = 10.0.40219.1
Project("{FAE04EC0-301F-11D3-BF4B-00C04F79EFBC}") = "T2008M_WAD_Exam", "T2008M_WAD_Exam\T2008M_WAD_Exam.csproj", "{B3848C7D-3848-4AAF-B058-E199A9A22A26}"
EndProject
Global
	GlobalSection(SolutionConfigurationPlatforms) = preSolution
		Debug|Any CPU = Debug|Any CPU
		Release|Any CPU = Release|Any CPU
	EndGlobalSection
	GlobalSection(ProjectConfigurationPlatforms) = postSolution
		{B3848C7D-3848-4AAF-B058-E199A9A22A26}.Debug|Any CPU.ActiveCfg = Debug|Any CPU
		{B3848C7D-3848-4AAF-B058-E199A9A22A26}.Debug|Any CPU.Build.0 = Debug|Any CPU
		{B3848C7D-3848-4AAF-B058-E199A9A22A26}.Release|Any CPU.ActiveCfg = Release|Any CPU
		{B3848C7D-3848-4AAF-B058-E199A9A22A26}.Release|Any CPU.Build.0 = Release|Any CPU
	EndGlobalSection
	GlobalSection(SolutionProperties) = preSolution
		HideSolutionNode = FALSE
	EndGlobalSection
	GlobalSection(ExtensibilityGlobals) = postSolution
		SolutionGuid = {E6048662-9333-4BF2-ACCA-145B75B21F47}
	EndGlobalSection
EndGlobal
